langcode: en
status: true
dependencies:
  config:
    - views.view.who_s_online
  module:
    - system
    - views
  theme:
    - seven
id: views_block__who_s_online_who_s_online_block
theme: seven
region: content
weight: 0
provider: null
plugin: 'views_block:who_s_online-who_s_online_block'
settings:
  id: 'views_block:who_s_online-who_s_online_block'
  label: ''
  label_display: visible
  provider: views
  views_label: ''
  items_per_page: none
visibility:
  request_path:
    id: request_path
    negate: false
    context_mapping: {  }
    pages: /admin/dashboard
